
Microsoft Visual Studio Solution File, Format Version 12.00
# Visual Studio Version 17
VisualStudioVersion = 17.2.33530.394
MinimumVisualStudioVersion = 10.0.40219.1
Project("{FAE04EC0-301F-11D3-BF4B-00C04F79EFBC}") = "Pipeline.App", "Pipeline.App\Pipeline.App.csproj", "{A72A3F4C-C26F-43DF-B78E-E2FEA5E5556C}"
EndProject
Global
	GlobalSection(SolutionConfigurationPlatforms) = preSolution
		Debug|Any CPU = Debug|Any CPU
		Release|Any CPU = Release|Any CPU
	EndGlobalSection
	GlobalSection(ProjectConfigurationPlatforms) = postSolution
		{A72A3F4C-C26F-43DF-B78E-E2FEA5E5556C}.Debug|Any CPU.ActiveCfg = Debug|Any CPU
		{A72A3F4C-C26F-43DF-B78E-E2FEA5E5556C}.Debug|Any CPU.Build.0 = Debug|Any CPU
		{A72A3F4C-C26F-43DF-B78E-E2FEA5E5556C}.Release|Any CPU.ActiveCfg = Release|Any CPU
		{A72A3F4C-C26F-43DF-B78E-E2FEA5E5556C}.Release|Any CPU.Build.0 = Release|Any CPU
	EndGlobalSection
	GlobalSection(SolutionProperties) = preSolution
		HideSolutionNode = FALSE
	EndGlobalSection
	GlobalSection(ExtensibilityGlobals) = postSolution
		SolutionGuid = {76BDD623-7F56-4527-B8D6-501F1DD0F45C}
	EndGlobalSection
EndGlobal
